
Microsoft Visual Studio Solution File, Format Version 12.00
# Visual Studio Version 17
VisualStudioVersion = 17.8.34408.163
MinimumVisualStudioVersion = 10.0.40219.1
Project("{FAE04EC0-301F-11D3-BF4B-00C04F79EFBC}") = "RestaurantReservationsApi", "RestaurantReservationsApi\RestaurantReservationsApi.csproj", "{6AFF46E1-4162-469F-9443-DF05EB1AA009}"
EndProject
Project("{FAE04EC0-301F-11D3-BF4B-00C04F79EFBC}") = "Core", "Core\Core.csproj", "{6DABB59A-8DCA-48A3-A45A-E2EEFD0F8351}"
EndProject
Project("{FAE04EC0-301F-11D3-BF4B-00C04F79EFBC}") = "Application", "Application\Application.csproj", "{01939919-7E90-46A9-84EA-8145B46C7CB3}"
EndProject
Project("{FAE04EC0-301F-11D3-BF4B-00C04F79EFBC}") = "Infrastructure", "Infrastructure\Infrastructure.csproj", "{D31EE729-24CC-4FCE-9423-DDA0049AFB47}"
EndProject
Global
	GlobalSection(SolutionConfigurationPlatforms) = preSolution
		Debug|Any CPU = Debug|Any CPU
		Release|Any CPU = Release|Any CPU
	EndGlobalSection
	GlobalSection(ProjectConfigurationPlatforms) = postSolution
		{6AFF46E1-4162-469F-9443-DF05EB1AA009}.Debug|Any CPU.ActiveCfg = Debug|Any CPU
		{6AFF46E1-4162-469F-9443-DF05EB1AA009}.Debug|Any CPU.Build.0 = Debug|Any CPU
		{6AFF46E1-4162-469F-9443-DF05EB1AA009}.Release|Any CPU.ActiveCfg = Release|Any CPU
		{6AFF46E1-4162-469F-9443-DF05EB1AA009}.Release|Any CPU.Build.0 = Release|Any CPU
		{6DABB59A-8DCA-48A3-A45A-E2EEFD0F8351}.Debug|Any CPU.ActiveCfg = Debug|Any CPU
		{6DABB59A-8DCA-48A3-A45A-E2EEFD0F8351}.Debug|Any CPU.Build.0 = Debug|Any CPU
		{6DABB59A-8DCA-48A3-A45A-E2EEFD0F8351}.Release|Any CPU.ActiveCfg = Release|Any CPU
		{6DABB59A-8DCA-48A3-A45A-E2EEFD0F8351}.Release|Any CPU.Build.0 = Release|Any CPU
		{01939919-7E90-46A9-84EA-8145B46C7CB3}.Debug|Any CPU.ActiveCfg = Debug|Any CPU
		{01939919-7E90-46A9-84EA-8145B46C7CB3}.Debug|Any CPU.Build.0 = Debug|Any CPU
		{01939919-7E90-46A9-84EA-8145B46C7CB3}.Release|Any CPU.ActiveCfg = Release|Any CPU
		{01939919-7E90-46A9-84EA-8145B46C7CB3}.Release|Any CPU.Build.0 = Release|Any CPU
		{D31EE729-24CC-4FCE-9423-DDA0049AFB47}.Debug|Any CPU.ActiveCfg = Debug|Any CPU
		{D31EE729-24CC-4FCE-9423-DDA0049AFB47}.Debug|Any CPU.Build.0 = Debug|Any CPU
		{D31EE729-24CC-4FCE-9423-DDA0049AFB47}.Release|Any CPU.ActiveCfg = Release|Any CPU
		{D31EE729-24CC-4FCE-9423-DDA0049AFB47}.Release|Any CPU.Build.0 = Release|Any CPU
	EndGlobalSection
	GlobalSection(SolutionProperties) = preSolution
		HideSolutionNode = FALSE
	EndGlobalSection
	GlobalSection(ExtensibilityGlobals) = postSolution
		SolutionGuid = {FB2F40D0-8B1B-454D-BBA7-2D51234FC1AD}
	EndGlobalSection
EndGlobal
